
Microsoft Visual Studio Solution File, Format Version 12.00
# Visual Studio 15
VisualStudioVersion = 15.0.27428.2037
MinimumVisualStudioVersion = 10.0.40219.1
Project("{FAE04EC0-301F-11D3-BF4B-00C04F79EFBC}") = "Programmering1_11.8", "Programmering1_11.8\Programmering1_11.8.csproj", "{CADE58C9-1C39-417C-9914-5B633462B129}"
EndProject
Global
	GlobalSection(SolutionConfigurationPlatforms) = preSolution
		Debug|Any CPU = Debug|Any CPU
		Release|Any CPU = Release|Any CPU
	EndGlobalSection
	GlobalSection(ProjectConfigurationPlatforms) = postSolution
		{CADE58C9-1C39-417C-9914-5B633462B129}.Debug|Any CPU.ActiveCfg = Debug|Any CPU
		{CADE58C9-1C39-417C-9914-5B633462B129}.Debug|Any CPU.Build.0 = Debug|Any CPU
		{CADE58C9-1C39-417C-9914-5B633462B129}.Release|Any CPU.ActiveCfg = Release|Any CPU
		{CADE58C9-1C39-417C-9914-5B633462B129}.Release|Any CPU.Build.0 = Release|Any CPU
	EndGlobalSection
	GlobalSection(SolutionProperties) = preSolution
		HideSolutionNode = FALSE
	EndGlobalSection
	GlobalSection(ExtensibilityGlobals) = postSolution
		SolutionGuid = {4A0619DA-ABB1-47A2-A1BB-078760DD9A14}
	EndGlobalSection
EndGlobal
